Microsoft Visual Studio Solution File, Format Version 12.00
# Visual Studio 2012
Project("{FAE04EC0-301F-11D3-BF4B-00C04F79EFBC}") = "Wells Journey", "Wells Journey.csproj", "{666C141E-09CE-4682-99CE-DA7F68D6AA5C}"
EndProject
Global
	GlobalSection(SolutionConfigurationPlatforms) = preSolution
	Debug|Any CPU = Debug|Any CPU
	ExportDebug|Any CPU = ExportDebug|Any CPU
	ExportRelease|Any CPU = ExportRelease|Any CPU
	EndGlobalSection
	GlobalSection(ProjectConfigurationPlatforms) = postSolution
		{666C141E-09CE-4682-99CE-DA7F68D6AA5C}.Debug|Any CPU.ActiveCfg = Debug|Any CPU
		{666C141E-09CE-4682-99CE-DA7F68D6AA5C}.Debug|Any CPU.Build.0 = Debug|Any CPU
		{666C141E-09CE-4682-99CE-DA7F68D6AA5C}.ExportDebug|Any CPU.ActiveCfg = ExportDebug|Any CPU
		{666C141E-09CE-4682-99CE-DA7F68D6AA5C}.ExportDebug|Any CPU.Build.0 = ExportDebug|Any CPU
		{666C141E-09CE-4682-99CE-DA7F68D6AA5C}.ExportRelease|Any CPU.ActiveCfg = ExportRelease|Any CPU
		{666C141E-09CE-4682-99CE-DA7F68D6AA5C}.ExportRelease|Any CPU.Build.0 = ExportRelease|Any CPU
	EndGlobalSection
EndGlobal
